
Microsoft Visual Studio Solution File, Format Version 12.00
# Visual Studio 2013
VisualStudioVersion = 12.0.30626.0
MinimumVisualStudioVersion = 10.0.40219.1
Project("{FAE04EC0-301F-11D3-BF4B-00C04F79EFBC}") = "Pulse", "Pulse\Pulse.csproj", "{9D189792-258A-4A23-98C8-6BED9329CAD1}"
EndProject
Project("{FAE04EC0-301F-11D3-BF4B-00C04F79EFBC}") = "Pulse.FS", "Pulse.FS\Pulse.FS.csproj", "{0D15F2D9-F585-4FE8-A85B-6FB8A681F487}"
EndProject
Project("{FAE04EC0-301F-11D3-BF4B-00C04F79EFBC}") = "Pulse.Core", "Pulse.Core\Pulse.Core.csproj", "{07C19D4D-35B4-45FB-9EFE-9E2DEB794182}"
EndProject
Project("{FAE04EC0-301F-11D3-BF4B-00C04F79EFBC}") = "Pulse.UI", "Pulse.UI\Pulse.UI.csproj", "{87509062-BCDD-4BF0-92C8-169C0B59740B}"
EndProject
Project("{FAE04EC0-301F-11D3-BF4B-00C04F79EFBC}") = "Pulse.OpenGL", "Pulse.OpenGL\Pulse.OpenGL.csproj", "{45758ECB-02BA-41CF-987E-EA08C93AA329}"
EndProject
Project("{FAE04EC0-301F-11D3-BF4B-00C04F79EFBC}") = "Pulse.Patcher", "Pulse.Patcher\Pulse.Patcher.csproj", "{0CB746F4-8DC7-4B05-9F56-639D58B59577}"
EndProject
Global
	GlobalSection(SolutionConfigurationPlatforms) = preSolution
		Debug|Any CPU = Debug|Any CPU
		Debug|Mixed Platforms = Debug|Mixed Platforms
		Debug|x64 = Debug|x64
		Debug|x86 = Debug|x86
		Release|Any CPU = Release|Any CPU
		Release|Mixed Platforms = Release|Mixed Platforms
		Release|x64 = Release|x64
		Release|x86 = Release|x86
	EndGlobalSection
	GlobalSection(ProjectConfigurationPlatforms) = postSolution
		{9D189792-258A-4A23-98C8-6BED9329CAD1}.Debug|Any CPU.ActiveCfg = Debug|Any CPU
		{9D189792-258A-4A23-98C8-6BED9329CAD1}.Debug|Any CPU.Build.0 = Debug|Any CPU
		{9D189792-258A-4A23-98C8-6BED9329CAD1}.Debug|Mixed Platforms.ActiveCfg = Debug|x86
		{9D189792-258A-4A23-98C8-6BED9329CAD1}.Debug|Mixed Platforms.Build.0 = Debug|x86
		{9D189792-258A-4A23-98C8-6BED9329CAD1}.Debug|x64.ActiveCfg = Debug|x64
		{9D189792-258A-4A23-98C8-6BED9329CAD1}.Debug|x64.Build.0 = Debug|x64
		{9D189792-258A-4A23-98C8-6BED9329CAD1}.Debug|x86.ActiveCfg = Debug|x86
		{9D189792-258A-4A23-98C8-6BED9329CAD1}.Debug|x86.Build.0 = Debug|x86
		{9D189792-258A-4A23-98C8-6BED9329CAD1}.Release|Any CPU.ActiveCfg = Release|Any CPU
		{9D189792-258A-4A23-98C8-6BED9329CAD1}.Release|Any CPU.Build.0 = Release|Any CPU
		{9D189792-258A-4A23-98C8-6BED9329CAD1}.Release|Mixed Platforms.ActiveCfg = Release|x86
		{9D189792-258A-4A23-98C8-6BED9329CAD1}.Release|Mixed Platforms.Build.0 = Release|x86
		{9D189792-258A-4A23-98C8-6BED9329CAD1}.Release|x64.ActiveCfg = Release|x64
		{9D189792-258A-4A23-98C8-6BED9329CAD1}.Release|x64.Build.0 = Release|x64
		{9D189792-258A-4A23-98C8-6BED9329CAD1}.Release|x86.ActiveCfg = Release|x86
		{9D189792-258A-4A23-98C8-6BED9329CAD1}.Release|x86.Build.0 = Release|x86
		{0D15F2D9-F585-4FE8-A85B-6FB8A681F487}.Debug|Any CPU.ActiveCfg = Debug|Any CPU
		{0D15F2D9-F585-4FE8-A85B-6FB8A681F487}.Debug|Any CPU.Build.0 = Debug|Any CPU
		{0D15F2D9-F585-4FE8-A85B-6FB8A681F487}.Debug|Mixed Platforms.ActiveCfg = Debug|x86
		{0D15F2D9-F585-4FE8-A85B-6FB8A681F487}.Debug|Mixed Platforms.Build.0 = Debug|x86
		{0D15F2D9-F585-4FE8-A85B-6FB8A681F487}.Debug|x64.ActiveCfg = Debug|x64
		{0D15F2D9-F585-4FE8-A85B-6FB8A681F487}.Debug|x64.Build.0 = Debug|x64
		{0D15F2D9-F585-4FE8-A85B-6FB8A681F487}.Debug|x86.ActiveCfg = Debug|x86
		{0D15F2D9-F585-4FE8-A85B-6FB8A681F487}.Debug|x86.Build.0 = Debug|x86
		{0D15F2D9-F585-4FE8-A85B-6FB8A681F487}.Release|Any CPU.ActiveCfg = Release|Any CPU
		{0D15F2D9-F585-4FE8-A85B-6FB8A681F487}.Release|Any CPU.Build.0 = Release|Any CPU
		{0D15F2D9-F585-4FE8-A85B-6FB8A681F487}.Release|Mixed Platforms.ActiveCfg = Release|x86
		{0D15F2D9-F585-4FE8-A85B-6FB8A681F487}.Release|Mixed Platforms.Build.0 = Release|x86
		{0D15F2D9-F585-4FE8-A85B-6FB8A681F487}.Release|x64.ActiveCfg = Release|x64
		{0D15F2D9-F585-4FE8-A85B-6FB8A681F487}.Release|x64.Build.0 = Release|x64
		{0D15F2D9-F585-4FE8-A85B-6FB8A681F487}.Release|x86.ActiveCfg = Release|x86
		{0D15F2D9-F585-4FE8-A85B-6FB8A681F487}.Release|x86.Build.0 = Release|x86
		{07C19D4D-35B4-45FB-9EFE-9E2DEB794182}.Debug|Any CPU.ActiveCfg = Debug|Any CPU
		{07C19D4D-35B4-45FB-9EFE-9E2DEB794182}.Debug|Any CPU.Build.0 = Debug|Any CPU
		{07C19D4D-35B4-45FB-9EFE-9E2DEB794182}.Debug|Mixed Platforms.ActiveCfg = Debug|x86
		{07C19D4D-35B4-45FB-9EFE-9E2DEB794182}.Debug|Mixed Platforms.Build.0 = Debug|x86
		{07C19D4D-35B4-45FB-9EFE-9E2DEB794182}.Debug|x64.ActiveCfg = Debug|x64
		{07C19D4D-35B4-45FB-9EFE-9E2DEB794182}.Debug|x64.Build.0 = Debug|x64
		{07C19D4D-35B4-45FB-9EFE-9E2DEB794182}.Debug|x86.ActiveCfg = Debug|x86
		{07C19D4D-35B4-45FB-9EFE-9E2DEB794182}.Debug|x86.Build.0 = Debug|x86
		{07C19D4D-35B4-45FB-9EFE-9E2DEB794182}.Release|Any CPU.ActiveCfg = Release|Any CPU
		{07C19D4D-35B4-45FB-9EFE-9E2DEB794182}.Release|Any CPU.Build.0 = Release|Any CPU
		{07C19D4D-35B4-45FB-9EFE-9E2DEB794182}.Release|Mixed Platforms.ActiveCfg = Release|x86
		{07C19D4D-35B4-45FB-9EFE-9E2DEB794182}.Release|Mixed Platforms.Build.0 = Release|x86
		{07C19D4D-35B4-45FB-9EFE-9E2DEB794182}.Release|x64.ActiveCfg = Release|x64
		{07C19D4D-35B4-45FB-9EFE-9E2DEB794182}.Release|x64.Build.0 = Release|x64
		{07C19D4D-35B4-45FB-9EFE-9E2DEB794182}.Release|x86.ActiveCfg = Release|x86
		{07C19D4D-35B4-45FB-9EFE-9E2DEB794182}.Release|x86.Build.0 = Release|x86
		{87509062-BCDD-4BF0-92C8-169C0B59740B}.Debug|Any CPU.ActiveCfg = Debug|Any CPU
		{87509062-BCDD-4BF0-92C8-169C0B59740B}.Debug|Any CPU.Build.0 = Debug|Any CPU
		{87509062-BCDD-4BF0-92C8-169C0B59740B}.Debug|Mixed Platforms.ActiveCfg = Debug|x86
		{87509062-BCDD-4BF0-92C8-169C0B59740B}.Debug|Mixed Platforms.Build.0 = Debug|x86
		{87509062-BCDD-4BF0-92C8-169C0B59740B}.Debug|x64.ActiveCfg = Debug|x64
		{87509062-BCDD-4BF0-92C8-169C0B59740B}.Debug|x64.Build.0 = Debug|x64
		{87509062-BCDD-4BF0-92C8-169C0B59740B}.Debug|x86.ActiveCfg = Debug|x86
		{87509062-BCDD-4BF0-92C8-169C0B59740B}.Debug|x86.Build.0 = Debug|x86
		{87509062-BCDD-4BF0-92C8-169C0B59740B}.Release|Any CPU.ActiveCfg = Release|Any CPU
		{87509062-BCDD-4BF0-92C8-169C0B59740B}.Release|Any CPU.Build.0 = Release|Any CPU
		{87509062-BCDD-4BF0-92C8-169C0B59740B}.Release|Mixed Platforms.ActiveCfg = Release|x86
		{87509062-BCDD-4BF0-92C8-169C0B59740B}.Release|Mixed Platforms.Build.0 = Release|x86
		{87509062-BCDD-4BF0-92C8-169C0B59740B}.Release|x64.ActiveCfg = Release|x64
		{87509062-BCDD-4BF0-92C8-169C0B59740B}.Release|x64.Build.0 = Release|x64
		{87509062-BCDD-4BF0-92C8-169C0B59740B}.Release|x86.ActiveCfg = Release|x86
		{87509062-BCDD-4BF0-92C8-169C0B59740B}.Release|x86.Build.0 = Release|x86
		{45758ECB-02BA-41CF-987E-EA08C93AA329}.Debug|Any CPU.ActiveCfg = Debug|Any CPU
		{45758ECB-02BA-41CF-987E-EA08C93AA329}.Debug|Any CPU.Build.0 = Debug|Any CPU
		{45758ECB-02BA-41CF-987E-EA08C93AA329}.Debug|Mixed Platforms.ActiveCfg = Debug|x86
		{45758ECB-02BA-41CF-987E-EA08C93AA329}.Debug|Mixed Platforms.Build.0 = Debug|x86
		{45758ECB-02BA-41CF-987E-EA08C93AA329}.Debug|x64.ActiveCfg = Debug|x64
		{45758ECB-02BA-41CF-987E-EA08C93AA329}.Debug|x64.Build.0 = Debug|x64
		{45758ECB-02BA-41CF-987E-EA08C93AA329}.Debug|x86.ActiveCfg = Debug|x86
		{45758ECB-02BA-41CF-987E-EA08C93AA329}.Debug|x86.Build.0 = Debug|x86
		{45758ECB-02BA-41CF-987E-EA08C93AA329}.Release|Any CPU.ActiveCfg = Release|Any CPU
		{45758ECB-02BA-41CF-987E-EA08C93AA329}.Release|Any CPU.Build.0 = Release|Any CPU
		{45758ECB-02BA-41CF-987E-EA08C93AA329}.Release|Mixed Platforms.ActiveCfg = Release|x86
		{45758ECB-02BA-41CF-987E-EA08C93AA329}.Release|Mixed Platforms.Build.0 = Release|x86
		{45758ECB-02BA-41CF-987E-EA08C93AA329}.Release|x64.ActiveCfg = Release|x64
		{45758ECB-02BA-41CF-987E-EA08C93AA329}.Release|x64.Build.0 = Release|x64
		{45758ECB-02BA-41CF-987E-EA08C93AA329}.Release|x86.ActiveCfg = Release|x86
		{45758ECB-02BA-41CF-987E-EA08C93AA329}.Release|x86.Build.0 = Release|x86
		{0CB746F4-8DC7-4B05-9F56-639D58B59577}.Debug|Any CPU.ActiveCfg = Debug|Any CPU
		{0CB746F4-8DC7-4B05-9F56-639D58B59577}.Debug|Any CPU.Build.0 = Debug|Any CPU
		{0CB746F4-8DC7-4B05-9F56-639D58B59577}.Debug|Mixed Platforms.ActiveCfg = Debug|Any CPU
		{0CB746F4-8DC7-4B05-9F56-639D58B59577}.Debug|Mixed Platforms.Build.0 = Debug|Any CPU
		{0CB746F4-8DC7-4B05-9F56-639D58B59577}.Debug|x64.ActiveCfg = Debug|x64
		{0CB746F4-8DC7-4B05-9F56-639D58B59577}.Debug|x64.Build.0 = Debug|x64
		{0CB746F4-8DC7-4B05-9F56-639D58B59577}.Debug|x86.ActiveCfg = Debug|Any CPU
		{0CB746F4-8DC7-4B05-9F56-639D58B59577}.Release|Any CPU.ActiveCfg = Release|Any CPU
		{0CB746F4-8DC7-4B05-9F56-639D58B59577}.Release|Any CPU.Build.0 = Release|Any CPU
		{0CB746F4-8DC7-4B05-9F56-639D58B59577}.Release|Mixed Platforms.ActiveCfg = Release|Any CPU
		{0CB746F4-8DC7-4B05-9F56-639D58B59577}.Release|Mixed Platforms.Build.0 = Release|Any CPU
		{0CB746F4-8DC7-4B05-9F56-639D58B59577}.Release|x64.ActiveCfg = Release|x64
		{0CB746F4-8DC7-4B05-9F56-639D58B59577}.Release|x64.Build.0 = Release|x64
		{0CB746F4-8DC7-4B05-9F56-639D58B59577}.Release|x86.ActiveCfg = Release|Any CPU
	EndGlobalSection
	GlobalSection(SolutionProperties) = preSolution
		HideSolutionNode = FALSE
	EndGlobalSection
EndGlobal
